github.com/dillonzq/LoveIt v0.2.11 h1:rIj8YX5oJHHyKazLLWBwvURCoVizsNBQJc6vVKX6AG8=
github.com/dillonzq/LoveIt v0.2.11/go.mod h1:6IBQv4PKou3cERt0xcxud81O793taOmJqYKXn1eNPB4=
github.com/onweru/newsroom v0.0.0-20240414151936-5a0c428a9b15 h1:SU557EAQiMn6nUfW1FKC5cp33rMAAz+LbiNuNLbeJkY=
github.com/onweru/newsroom v0.0.0-20240414151936-5a0c428a9b15/go.mod h1:CnPS3gSJseLHZMhLLbxe+qDzR54HQ7s5RaLujOkejuM=
